
Microsoft Visual Studio Solution File, Format Version 12.00
Project("{FAE04EC0-301F-11D3-BF4B-00C04F79EFBC}") = "BasicPractice10-1", "BasicPractice10-1\BasicPractice10-1.csproj", "{D043A01A-C2BC-420F-BB8A-6A45D13892AA}"
EndProject
Global
	GlobalSection(SolutionConfigurationPlatforms) = preSolution
		Debug|Any CPU = Debug|Any CPU
		Release|Any CPU = Release|Any CPU
	EndGlobalSection
	GlobalSection(ProjectConfigurationPlatforms) = postSolution
		{D043A01A-C2BC-420F-BB8A-6A45D13892AA}.Debug|Any CPU.ActiveCfg = Debug|Any CPU
		{D043A01A-C2BC-420F-BB8A-6A45D13892AA}.Debug|Any CPU.Build.0 = Debug|Any CPU
		{D043A01A-C2BC-420F-BB8A-6A45D13892AA}.Release|Any CPU.ActiveCfg = Release|Any CPU
		{D043A01A-C2BC-420F-BB8A-6A45D13892AA}.Release|Any CPU.Build.0 = Release|Any CPU
	EndGlobalSection
EndGlobal
