
Microsoft Visual Studio Solution File, Format Version 12.00
Project("{FAE04EC0-301F-11D3-BF4B-00C04F79EFBC}") = "Practice10-1", "Practice10-1\Practice10-1.csproj", "{920056A4-5A17-49B9-A94F-435AB2F63859}"
EndProject
Global
	GlobalSection(SolutionConfigurationPlatforms) = preSolution
		Debug|Any CPU = Debug|Any CPU
		Release|Any CPU = Release|Any CPU
	EndGlobalSection
	GlobalSection(ProjectConfigurationPlatforms) = postSolution
		{920056A4-5A17-49B9-A94F-435AB2F63859}.Debug|Any CPU.ActiveCfg = Debug|Any CPU
		{920056A4-5A17-49B9-A94F-435AB2F63859}.Debug|Any CPU.Build.0 = Debug|Any CPU
		{920056A4-5A17-49B9-A94F-435AB2F63859}.Release|Any CPU.ActiveCfg = Release|Any CPU
		{920056A4-5A17-49B9-A94F-435AB2F63859}.Release|Any CPU.Build.0 = Release|Any CPU
	EndGlobalSection
EndGlobal
