
Microsoft Visual Studio Solution File, Format Version 12.00
Project("{FAE04EC0-301F-11D3-BF4B-00C04F79EFBC}") = "BasicPractice3-1", "BasicPractice3-1\BasicPractice3-1.csproj", "{95A7D73C-AD97-4D42-B724-6A0DA7D8EF3E}"
EndProject
Global
	GlobalSection(SolutionConfigurationPlatforms) = preSolution
		Debug|Any CPU = Debug|Any CPU
		Release|Any CPU = Release|Any CPU
	EndGlobalSection
	GlobalSection(ProjectConfigurationPlatforms) = postSolution
		{95A7D73C-AD97-4D42-B724-6A0DA7D8EF3E}.Debug|Any CPU.ActiveCfg = Debug|Any CPU
		{95A7D73C-AD97-4D42-B724-6A0DA7D8EF3E}.Debug|Any CPU.Build.0 = Debug|Any CPU
		{95A7D73C-AD97-4D42-B724-6A0DA7D8EF3E}.Release|Any CPU.ActiveCfg = Release|Any CPU
		{95A7D73C-AD97-4D42-B724-6A0DA7D8EF3E}.Release|Any CPU.Build.0 = Release|Any CPU
	EndGlobalSection
EndGlobal
